// !$*UTF8*$!
{
	archiveVersion = 1;
	classes = {
	};
	objectVersion = 50;
	objects = {

/* Begin PBXBuildFile section */
		926AAD8022BC1DEB0072EFD1 /* AppDelegate.swift in Sources */ = {isa = PBXBuildFile; fileRef = 926AAD7F22BC1DEB0072EFD1 /* AppDelegate.swift */; };
		926AAD8522BC1DEB0072EFD1 /* Main.storyboard in Resources */ = {isa = PBXBuildFile; fileRef = 926AAD8322BC1DEB0072EFD1 /* Main.storyboard */; };
		926AAD8722BC1DEB0072EFD1 /* Assets.xcassets in Resources */ = {isa = PBXBuildFile; fileRef = 926AAD8622BC1DEB0072EFD1 /* Assets.xcassets */; };
		926AAD8A22BC1DEB0072EFD1 /* LaunchScreen.storyboard in Resources */ = {isa = PBXBuildFile; fileRef = 926AAD8822BC1DEB0072EFD1 /* LaunchScreen.storyboard */; };
		926AADA722BC275F0072EFD1 /* ContactsViewController.swift in Sources */ = {isa = PBXBuildFile; fileRef = 926AADA622BC275F0072EFD1 /* ContactsViewController.swift */; };
		926AADA922BC294E0072EFD1 /* ContactsModel.swift in Sources */ = {isa = PBXBuildFile; fileRef = 926AADA822BC294E0072EFD1 /* ContactsModel.swift */; };
		926AADAC22BC2AD20072EFD1 /* Person.swift in Sources */ = {isa = PBXBuildFile; fileRef = 926AADAB22BC2AD20072EFD1 /* Person.swift */; };
/* End PBXBuildFile section */

/* Begin PBXFileReference section */
		926AAD7C22BC1DEB0072EFD1 /* contacts.app */ = {isa = PBXFileReference; explicitFileType = wrapper.application; includeInIndex = 0; path = contacts.app; sourceTree = BUILT_PRODUCTS_DIR; };
		926AAD7F22BC1DEB0072EFD1 /* AppDelegate.swift */ = {isa = PBXFileReference; lastKnownFileType = sourcecode.swift; path = AppDelegate.swift; sourceTree = "<group>"; };
		926AAD8422BC1DEB0072EFD1 /* Base */ = {isa = PBXFileReference; lastKnownFileType = file.storyboard; name = Base; path = Base.lproj/Main.storyboard; sourceTree = "<group>"; };
		926AAD8622BC1DEB0072EFD1 /* Assets.xcassets */ = {isa = PBXFileReference; lastKnownFileType = folder.assetcatalog; path = Assets.xcassets; sourceTree = "<group>"; };
		926AAD8922BC1DEB0072EFD1 /* Base */ = {isa = PBXFileReference; lastKnownFileType = file.storyboard; name = Base; path = Base.lproj/LaunchScreen.storyboard; sourceTree = "<group>"; };
		926AAD8B22BC1DEB0072EFD1 /* Info.plist */ = {isa = PBXFileReference; lastKnownFileType = text.plist.xml; path = Info.plist; sourceTree = "<group>"; };
		926AADA622BC275F0072EFD1 /* ContactsViewController.swift */ = {isa = PBXFileReference; lastKnownFileType = sourcecode.swift; path = ContactsViewController.swift; sourceTree = "<group>"; };
		926AADA822BC294E0072EFD1 /* ContactsModel.swift */ = {isa = PBXFileReference; lastKnownFileType = sourcecode.swift; path = ContactsModel.swift; sourceTree = "<group>"; };
		926AADAB22BC2AD20072EFD1 /* Person.swift */ = {isa = PBXFileReference; lastKnownFileType = sourcecode.swift; path = Person.swift; sourceTree = "<group>"; };
/* End PBXFileReference section */

/* Begin PBXFrameworksBuildPhase section */
		926AAD7922BC1DEB0072EFD1 /* Frameworks */ = {
			isa = PBXFrameworksBuildPhase;
			buildActionMask = 2147483647;
			files = (
			);
			runOnlyForDeploymentPostprocessing = 0;
		};
/* End PBXFrameworksBuildPhase section */

/* Begin PBXGroup section */
		926AAD7322BC1DEB0072EFD1 = {
			isa = PBXGroup;
			children = (
				926AAD7E22BC1DEB0072EFD1 /* contacts */,
				926AAD7D22BC1DEB0072EFD1 /* Products */,
			);
			sourceTree = "<group>";
		};
		926AAD7D22BC1DEB0072EFD1 /* Products */ = {
			isa = PBXGroup;
			children = (
				926AAD7C22BC1DEB0072EFD1 /* contacts.app */,
			);
			name = Products;
			sourceTree = "<group>";
		};
		926AAD7E22BC1DEB0072EFD1 /* contacts */ = {
			isa = PBXGroup;
			children = (
				926AAD9122BC1E4F0072EFD1 /* Modules */,
				926AADAA22BC2ABD0072EFD1 /* Model */,
				926AADA322BC25180072EFD1 /* Data */,
				926AADA122BC24200072EFD1 /* Extensions */,
				926AADA222BC25120072EFD1 /* Utils */,
				926AAD7F22BC1DEB0072EFD1 /* AppDelegate.swift */,
				926AAD8322BC1DEB0072EFD1 /* Main.storyboard */,
				926AAD8622BC1DEB0072EFD1 /* Assets.xcassets */,
				926AAD8822BC1DEB0072EFD1 /* LaunchScreen.storyboard */,
				926AAD8B22BC1DEB0072EFD1 /* Info.plist */,
			);
			path = contacts;
			sourceTree = "<group>";
		};
		926AAD9122BC1E4F0072EFD1 /* Modules */ = {
			isa = PBXGroup;
			children = (
				926AAD9222BC1E8C0072EFD1 /* Contacts */,
				926AAD9C22BC21030072EFD1 /* Person */,
			);
			path = Modules;
			sourceTree = "<group>";
		};
		926AAD9222BC1E8C0072EFD1 /* Contacts */ = {
			isa = PBXGroup;
			children = (
				926AADA022BC220C0072EFD1 /* Api */,
				926AAD9322BC1EA00072EFD1 /* View */,
				926AAD9422BC1EA90072EFD1 /* Interactor */,
				926AAD9622BC1EBE0072EFD1 /* Presenter */,
				926AAD9722BC1EC70072EFD1 /* Entity */,
				926AAD9822BC1EF70072EFD1 /* Router */,
			);
			path = Contacts;
			sourceTree = "<group>";
		};
		926AAD9322BC1EA00072EFD1 /* View */ = {
			isa = PBXGroup;
			children = (
				926AADA622BC275F0072EFD1 /* ContactsViewController.swift */,
			);
			path = View;
			sourceTree = "<group>";
		};
		926AAD9422BC1EA90072EFD1 /* Interactor */ = {
			isa = PBXGroup;
			children = (
			);
			path = Interactor;
			sourceTree = "<group>";
		};
		926AAD9622BC1EBE0072EFD1 /* Presenter */ = {
			isa = PBXGroup;
			children = (
			);
			path = Presenter;
			sourceTree = "<group>";
		};
		926AAD9722BC1EC70072EFD1 /* Entity */ = {
			isa = PBXGroup;
			children = (
				926AADA822BC294E0072EFD1 /* ContactsModel.swift */,
			);
			path = Entity;
			sourceTree = "<group>";
		};
		926AAD9822BC1EF70072EFD1 /* Router */ = {
			isa = PBXGroup;
			children = (
			);
			path = Router;
			sourceTree = "<group>";
		};
		926AAD9C22BC21030072EFD1 /* Person */ = {
			isa = PBXGroup;
			children = (
				926AAD9F22BC21350072EFD1 /* Model */,
				926AAD9E22BC21300072EFD1 /* View */,
				926AAD9D22BC21270072EFD1 /* Controller */,
			);
			path = Person;
			sourceTree = "<group>";
		};
		926AAD9D22BC21270072EFD1 /* Controller */ = {
			isa = PBXGroup;
			children = (
			);
			path = Controller;
			sourceTree = "<group>";
		};
		926AAD9E22BC21300072EFD1 /* View */ = {
			isa = PBXGroup;
			children = (
			);
			path = View;
			sourceTree = "<group>";
		};
		926AAD9F22BC21350072EFD1 /* Model */ = {
			isa = PBXGroup;
			children = (
			);
			path = Model;
			sourceTree = "<group>";
		};
		926AADA022BC220C0072EFD1 /* Api */ = {
			isa = PBXGroup;
			children = (
			);
			path = Api;
			sourceTree = "<group>";
		};
		926AADA122BC24200072EFD1 /* Extensions */ = {
			isa = PBXGroup;
			children = (
			);
			path = Extensions;
			sourceTree = "<group>";
		};
		926AADA222BC25120072EFD1 /* Utils */ = {
			isa = PBXGroup;
			children = (
			);
			path = Utils;
			sourceTree = "<group>";
		};
		926AADA322BC25180072EFD1 /* Data */ = {
			isa = PBXGroup;
			children = (
			);
			path = Data;
			sourceTree = "<group>";
		};
		926AADAA22BC2ABD0072EFD1 /* Model */ = {
			isa = PBXGroup;
			children = (
				926AADAB22BC2AD20072EFD1 /* Person.swift */,
			);
			path = Model;
			sourceTree = "<group>";
		};
/* End PBXGroup section */

/* Begin PBXNativeTarget section */
		926AAD7B22BC1DEB0072EFD1 /* contacts */ = {
			isa = PBXNativeTarget;
			buildConfigurationList = 926AAD8E22BC1DEB0072EFD1 /* Build configuration list for PBXNativeTarget "contacts" */;
			buildPhases = (
				926AAD7822BC1DEB0072EFD1 /* Sources */,
				926AAD7922BC1DEB0072EFD1 /* Frameworks */,
				926AAD7A22BC1DEB0072EFD1 /* Resources */,
			);
			buildRules = (
			);
			dependencies = (
			);
			name = contacts;
			productName = contacts;
			productReference = 926AAD7C22BC1DEB0072EFD1 /* contacts.app */;
			productType = "com.apple.product-type.application";
		};
/* End PBXNativeTarget section */

/* Begin PBXProject section */
		926AAD7422BC1DEB0072EFD1 /* Project object */ = {
			isa = PBXProject;
			attributes = {
				LastSwiftUpdateCheck = 1010;
				LastUpgradeCheck = 1010;
				ORGANIZATIONNAME = "Andrei Coder";
				TargetAttributes = {
					926AAD7B22BC1DEB0072EFD1 = {
						CreatedOnToolsVersion = 10.1;
					};
				};
			};
			buildConfigurationList = 926AAD7722BC1DEB0072EFD1 /* Build configuration list for PBXProject "contacts" */;
			compatibilityVersion = "Xcode 9.3";
			developmentRegion = en;
			hasScannedForEncodings = 0;
			knownRegions = (
				en,
				Base,
			);
			mainGroup = 926AAD7322BC1DEB0072EFD1;
			productRefGroup = 926AAD7D22BC1DEB0072EFD1 /* Products */;
			projectDirPath = "";
			projectRoot = "";
			targets = (
				926AAD7B22BC1DEB0072EFD1 /* contacts */,
			);
		};
/* End PBXProject section */

/* Begin PBXResourcesBuildPhase section */
		926AAD7A22BC1DEB0072EFD1 /* Resources */ = {
			isa = PBXResourcesBuildPhase;
			buildActionMask = 2147483647;
			files = (
				926AAD8A22BC1DEB0072EFD1 /* LaunchScreen.storyboard in Resources */,
				926AAD8722BC1DEB0072EFD1 /* Assets.xcassets in Resources */,
				926AAD8522BC1DEB0072EFD1 /* Main.storyboard in Resources */,
			);
			runOnlyForDeploymentPostprocessing = 0;
		};
/* End PBXResourcesBuildPhase section */

/* Begin PBXSourcesBuildPhase section */
		926AAD7822BC1DEB0072EFD1 /* Sources */ = {
			isa = PBXSourcesBuildPhase;
			buildActionMask = 2147483647;
			files = (
				926AAD8022BC1DEB0072EFD1 /* AppDelegate.swift in Sources */,
				926AADA922BC294E0072EFD1 /* ContactsModel.swift in Sources */,
				926AADAC22BC2AD20072EFD1 /* Person.swift in Sources */,
				926AADA722BC275F0072EFD1 /* ContactsViewController.swift in Sources */,
			);
			runOnlyForDeploymentPostprocessing = 0;
		};
/* End PBXSourcesBuildPhase section */

/* Begin PBXVariantGroup section */
		926AAD8322BC1DEB0072EFD1 /* Main.storyboard */ = {
			isa = PBXVariantGroup;
			children = (
				926AAD8422BC1DEB0072EFD1 /* Base */,
			);
			name = Main.storyboard;
			sourceTree = "<group>";
		};
		926AAD8822BC1DEB0072EFD1 /* LaunchScreen.storyboard */ = {
			isa = PBXVariantGroup;
			children = (
				926AAD8922BC1DEB0072EFD1 /* Base */,
			);
			name = LaunchScreen.storyboard;
			sourceTree = "<group>";
		};
/* End PBXVariantGroup section */

/* Begin XCBuildConfiguration section */
		926AAD8C22BC1DEB0072EFD1 /* Debug */ = {
			isa = XCBuildConfiguration;
			buildSettings = {
				ALWAYS_SEARCH_USER_PATHS = NO;
				CLANG_ANALYZER_NONNULL = YES;
				CLANG_ANALYZER_NUMBER_OBJECT_CONVERSION = YES_AGGRESSIVE;
				CLANG_CXX_LANGUAGE_STANDARD = "gnu++14";
				CLANG_CXX_LIBRARY = "libc++";
				CLANG_ENABLE_MODULES = YES;
				CLANG_ENABLE_OBJC_ARC = YES;
				CLANG_ENABLE_OBJC_WEAK = YES;
				CLANG_WARN_BLOCK_CAPTURE_AUTORELEASING = YES;
				CLANG_WARN_BOOL_CONVERSION = YES;
				CLANG_WARN_COMMA = YES;
				CLANG_WARN_CONSTANT_CONVERSION = YES;
				CLANG_WARN_DEPRECATED_OBJC_IMPLEMENTATIONS = YES;
				CLANG_WARN_DIRECT_OBJC_ISA_USAGE = YES_ERROR;
				CLANG_WARN_DOCUMENTATION_COMMENTS = YES;
				CLANG_WARN_EMPTY_BODY = YES;
				CLANG_WARN_ENUM_CONVERSION = YES;
				CLANG_WARN_INFINITE_RECURSION = YES;
				CLANG_WARN_INT_CONVERSION = YES;
				CLANG_WARN_NON_LITERAL_NULL_CONVERSION = YES;
				CLANG_WARN_OBJC_IMPLICIT_RETAIN_SELF = YES;
				CLANG_WARN_OBJC_LITERAL_CONVERSION = YES;
				CLANG_WARN_OBJC_ROOT_CLASS = YES_ERROR;
				CLANG_WARN_RANGE_LOOP_ANALYSIS = YES;
				CLANG_WARN_STRICT_PROTOTYPES = YES;
				CLANG_WARN_SUSPICIOUS_MOVE = YES;
				CLANG_WARN_UNGUARDED_AVAILABILITY = YES_AGGRESSIVE;
				CLANG_WARN_UNREACHABLE_CODE = YES;
				CLANG_WARN__DUPLICATE_METHOD_MATCH = YES;
				CODE_SIGN_IDENTITY = "iPhone Developer";
				COPY_PHASE_STRIP = NO;
				DEBUG_INFORMATION_FORMAT = dwarf;
				ENABLE_STRICT_OBJC_MSGSEND = YES;
				ENABLE_TESTABILITY = YES;
				GCC_C_LANGUAGE_STANDARD = gnu11;
				GCC_DYNAMIC_NO_PIC = NO;
				GCC_NO_COMMON_BLOCKS = YES;
				GCC_OPTIMIZATION_LEVEL = 0;
				GCC_PREPROCESSOR_DEFINITIONS = (
					"DEBUG=1",
					"$(inherited)",
				);
				GCC_WARN_64_TO_32_BIT_CONVERSION = YES;
				GCC_WARN_ABOUT_RETURN_TYPE = YES_ERROR;
				GCC_WARN_UNDECLARED_SELECTOR = YES;
				GCC_WARN_UNINITIALIZED_AUTOS = YES_AGGRESSIVE;
				GCC_WARN_UNUSED_FUNCTION = YES;
				GCC_WARN_UNUSED_VARIABLE = YES;
				IPHONEOS_DEPLOYMENT_TARGET = 12.1;
				MTL_ENABLE_DEBUG_INFO = INCLUDE_SOURCE;
				MTL_FAST_MATH = YES;
				ONLY_ACTIVE_ARCH = YES;
				SDKROOT = iphoneos;
				SWIFT_ACTIVE_COMPILATION_CONDITIONS = DEBUG;
				SWIFT_OPTIMIZATION_LEVEL = "-Onone";
			};
			name = Debug;
		};
		926AAD8D22BC1DEB0072EFD1 /* Release */ = {
			isa = XCBuildConfiguration;
			buildSettings = {
				ALWAYS_SEARCH_USER_PATHS = NO;
				CLANG_ANALYZER_NONNULL = YES;
				CLANG_ANALYZER_NUMBER_OBJECT_CONVERSION = YES_AGGRESSIVE;
				CLANG_CXX_LANGUAGE_STANDARD = "gnu++14";
				CLANG_CXX_LIBRARY = "libc++";
				CLANG_ENABLE_MODULES = YES;
				CLANG_ENABLE_OBJC_ARC = YES;
				CLANG_ENABLE_OBJC_WEAK = YES;
				CLANG_WARN_BLOCK_CAPTURE_AUTORELEASING = YES;
				CLANG_WARN_BOOL_CONVERSION = YES;
				CLANG_WARN_COMMA = YES;
				CLANG_WARN_CONSTANT_CONVERSION = YES;
				CLANG_WARN_DEPRECATED_OBJC_IMPLEMENTATIONS = YES;
				CLANG_WARN_DIRECT_OBJC_ISA_USAGE = YES_ERROR;
				CLANG_WARN_DOCUMENTATION_COMMENTS = YES;
				CLANG_WARN_EMPTY_BODY = YES;
				CLANG_WARN_ENUM_CONVERSION = YES;
				CLANG_WARN_INFINITE_RECURSION = YES;
				CLANG_WARN_INT_CONVERSION = YES;
				CLANG_WARN_NON_LITERAL_NULL_CONVERSION = YES;
				CLANG_WARN_OBJC_IMPLICIT_RETAIN_SELF = YES;
				CLANG_WARN_OBJC_LITERAL_CONVERSION = YES;
				CLANG_WARN_OBJC_ROOT_CLASS = YES_ERROR;
				CLANG_WARN_RANGE_LOOP_ANALYSIS = YES;
				CLANG_WARN_STRICT_PROTOTYPES = YES;
				CLANG_WARN_SUSPICIOUS_MOVE = YES;
				CLANG_WARN_UNGUARDED_AVAILABILITY = YES_AGGRESSIVE;
				CLANG_WARN_UNREACHABLE_CODE = YES;
				CLANG_WARN__DUPLICATE_METHOD_MATCH = YES;
				CODE_SIGN_IDENTITY = "iPhone Developer";
				COPY_PHASE_STRIP = NO;
				DEBUG_INFORMATION_FORMAT = "dwarf-with-dsym";
				ENABLE_NS_ASSERTIONS = NO;
				ENABLE_STRICT_OBJC_MSGSEND = YES;
				GCC_C_LANGUAGE_STANDARD = gnu11;
				GCC_NO_COMMON_BLOCKS = YES;
				GCC_WARN_64_TO_32_BIT_CONVERSION = YES;
				GCC_WARN_ABOUT_RETURN_TYPE = YES_ERROR;
				GCC_WARN_UNDECLARED_SELECTOR = YES;
				GCC_WARN_UNINITIALIZED_AUTOS = YES_AGGRESSIVE;
				GCC_WARN_UNUSED_FUNCTION = YES;
				GCC_WARN_UNUSED_VARIABLE = YES;
				IPHONEOS_DEPLOYMENT_TARGET = 12.1;
				MTL_ENABLE_DEBUG_INFO = NO;
				MTL_FAST_MATH = YES;
				SDKROOT = iphoneos;
				SWIFT_COMPILATION_MODE = wholemodule;
				SWIFT_OPTIMIZATION_LEVEL = "-O";
				VALIDATE_PRODUCT = YES;
			};
			name = Release;
		};
		926AAD8F22BC1DEB0072EFD1 /* Debug */ = {
			isa = XCBuildConfiguration;
			buildSettings = {
				ASSETCATALOG_COMPILER_APPICON_NAME = AppIcon;
				CODE_SIGN_STYLE = Automatic;
				INFOPLIST_FILE = contacts/Info.plist;
				LD_RUNPATH_SEARCH_PATHS = (
					"$(inherited)",
					"@executable_path/Frameworks",
				);
				PRODUCT_BUNDLE_IDENTIFIER = com.yaav.contacts;
				PRODUCT_NAME = "$(TARGET_NAME)";
				SWIFT_VERSION = 4.2;
				TARGETED_DEVICE_FAMILY = "1,2";
			};
			name = Debug;
		};
		926AAD9022BC1DEB0072EFD1 /* Release */ = {
			isa = XCBuildConfiguration;
			buildSettings = {
				ASSETCATALOG_COMPILER_APPICON_NAME = AppIcon;
				CODE_SIGN_STYLE = Automatic;
				INFOPLIST_FILE = contacts/Info.plist;
				LD_RUNPATH_SEARCH_PATHS = (
					"$(inherited)",
					"@executable_path/Frameworks",
				);
				PRODUCT_BUNDLE_IDENTIFIER = com.yaav.contacts;
				PRODUCT_NAME = "$(TARGET_NAME)";
				SWIFT_VERSION = 4.2;
				TARGETED_DEVICE_FAMILY = "1,2";
			};
			name = Release;
		};
/* End XCBuildConfiguration section */

/* Begin XCConfigurationList section */
		926AAD7722BC1DEB0072EFD1 /* Build configuration list for PBXProject "contacts" */ = {
			isa = XCConfigurationList;
			buildConfigurations = (
				926AAD8C22BC1DEB0072EFD1 /* Debug */,
				926AAD8D22BC1DEB0072EFD1 /* Release */,
			);
			defaultConfigurationIsVisible = 0;
			defaultConfigurationName = Release;
		};
		926AAD8E22BC1DEB0072EFD1 /* Build configuration list for PBXNativeTarget "contacts" */ = {
			isa = XCConfigurationList;
			buildConfigurations = (
				926AAD8F22BC1DEB0072EFD1 /* Debug */,
				926AAD9022BC1DEB0072EFD1 /* Release */,
			);
			defaultConfigurationIsVisible = 0;
			defaultConfigurationName = Release;
		};
/* End XCConfigurationList section */
	};
	rootObject = 926AAD7422BC1DEB0072EFD1 /* Project object */;
}
